
Microsoft Visual Studio Solution File, Format Version 12.00
# Visual Studio Version 17
VisualStudioVersion = 17.4.33205.214
MinimumVisualStudioVersion = 10.0.40219.1
Project("{FAE04EC0-301F-11D3-BF4B-00C04F79EFBC}") = "PhanMemXuPhatHanhChinhLinhVucLamNghiep", "PhanMemXuPhatHanhChinhLinhVucLamNghiep.csproj", "{061E35C8-AAC9-4B98-805F-485633AFD062}"
EndProject
Global
	GlobalSection(SolutionConfigurationPlatforms) = preSolution
		Debug|Any CPU = Debug|Any CPU
		Release|Any CPU = Release|Any CPU
	EndGlobalSection
	GlobalSection(ProjectConfigurationPlatforms) = postSolution
		{061E35C8-AAC9-4B98-805F-485633AFD062}.Debug|Any CPU.ActiveCfg = Debug|Any CPU
		{061E35C8-AAC9-4B98-805F-485633AFD062}.Debug|Any CPU.Build.0 = Debug|Any CPU
		{061E35C8-AAC9-4B98-805F-485633AFD062}.Release|Any CPU.ActiveCfg = Release|Any CPU
		{061E35C8-AAC9-4B98-805F-485633AFD062}.Release|Any CPU.Build.0 = Release|Any CPU
	EndGlobalSection
	GlobalSection(SolutionProperties) = preSolution
		HideSolutionNode = FALSE
	EndGlobalSection
	GlobalSection(ExtensibilityGlobals) = postSolution
		SolutionGuid = {7AEA418D-3588-4615-B09E-83E08A1C6D02}
	EndGlobalSection
EndGlobal
